// !$*UTF8*$!
{
	archiveVersion = 1;
	classes = {
	};
	objectVersion = 55;
	objects = {

/* Begin PBXBuildFile section */
		A430FC512981150F004A57EC /* ScrollView+Extension.swift in Sources */ = {isa = PBXBuildFile; fileRef = A430FC502981150F004A57EC /* ScrollView+Extension.swift */; };
		A430FC5329811A1B004A57EC /* Text+Extension.swift in Sources */ = {isa = PBXBuildFile; fileRef = A430FC5229811A1B004A57EC /* Text+Extension.swift */; };
		A4410CC52982E22500284596 /* ScrollView+Extension.swift in Sources */ = {isa = PBXBuildFile; fileRef = A4410CC42982E22500284596 /* ScrollView+Extension.swift */; };
		A4C75F5328BB66D0008C14A2 /* AppDelegate.swift in Sources */ = {isa = PBXBuildFile; fileRef = A4C75F5228BB66D0008C14A2 /* AppDelegate.swift */; };
		A4C75F5528BB66D0008C14A2 /* ViewController.swift in Sources */ = {isa = PBXBuildFile; fileRef = A4C75F5428BB66D0008C14A2 /* ViewController.swift */; };
		A4C75F5728BB66D0008C14A2 /* Experience.rcproject in Sources */ = {isa = PBXBuildFile; fileRef = A4C75F5628BB66D0008C14A2 /* Experience.rcproject */; };
		A4C75F5A28BB66D0008C14A2 /* Main.storyboard in Resources */ = {isa = PBXBuildFile; fileRef = A4C75F5828BB66D0008C14A2 /* Main.storyboard */; };
		A4C75F5C28BB66D2008C14A2 /* Assets.xcassets in Resources */ = {isa = PBXBuildFile; fileRef = A4C75F5B28BB66D2008C14A2 /* Assets.xcassets */; };
		A4C75F5F28BB66D2008C14A2 /* LaunchScreen.storyboard in Resources */ = {isa = PBXBuildFile; fileRef = A4C75F5D28BB66D2008C14A2 /* LaunchScreen.storyboard */; };
		A4C75F6728BB6B6D008C14A2 /* 3DObjectScene.scn in Resources */ = {isa = PBXBuildFile; fileRef = A4C75F6628BB6B6D008C14A2 /* 3DObjectScene.scn */; };
		A4FE02E6297BDDCC007C9B85 /* Book.swift in Sources */ = {isa = PBXBuildFile; fileRef = A4FE02E5297BDDCC007C9B85 /* Book.swift */; };
		A4FE02EB297E8C64007C9B85 /* BookCardView.swift in Sources */ = {isa = PBXBuildFile; fileRef = A4FE02EA297E8C64007C9B85 /* BookCardView.swift */; };
		A4FE02ED29801AA5007C9B85 /* MainView.swift in Sources */ = {isa = PBXBuildFile; fileRef = A4FE02EC29801AA5007C9B85 /* MainView.swift */; };
		A4FE02EF29801B28007C9B85 /* SettingView.swift in Sources */ = {isa = PBXBuildFile; fileRef = A4FE02EE29801B28007C9B85 /* SettingView.swift */; };
		A4FE02F129801E5B007C9B85 /* LibraryView.swift in Sources */ = {isa = PBXBuildFile; fileRef = A4FE02F029801E5B007C9B85 /* LibraryView.swift */; };
/* End PBXBuildFile section */

/* Begin PBXFileReference section */
		A430FC502981150F004A57EC /* ScrollView+Extension.swift */ = {isa = PBXFileReference; lastKnownFileType = sourcecode.swift; path = "ScrollView+Extension.swift"; sourceTree = "<group>"; };
		A430FC5229811A1B004A57EC /* Text+Extension.swift */ = {isa = PBXFileReference; lastKnownFileType = sourcecode.swift; path = "Text+Extension.swift"; sourceTree = "<group>"; };
		A4410CC42982E22500284596 /* ScrollView+Extension.swift */ = {isa = PBXFileReference; lastKnownFileType = sourcecode.swift; path = "ScrollView+Extension.swift"; sourceTree = "<group>"; };
		A4C75F4F28BB66D0008C14A2 /* ImageTrackAR.app */ = {isa = PBXFileReference; explicitFileType = wrapper.application; includeInIndex = 0; path = ImageTrackAR.app; sourceTree = BUILT_PRODUCTS_DIR; };
		A4C75F5228BB66D0008C14A2 /* AppDelegate.swift */ = {isa = PBXFileReference; lastKnownFileType = sourcecode.swift; path = AppDelegate.swift; sourceTree = "<group>"; };
		A4C75F5428BB66D0008C14A2 /* ViewController.swift */ = {isa = PBXFileReference; lastKnownFileType = sourcecode.swift; path = ViewController.swift; sourceTree = "<group>"; };
		A4C75F5628BB66D0008C14A2 /* Experience.rcproject */ = {isa = PBXFileReference; lastKnownFileType = file.rcproject; path = Experience.rcproject; sourceTree = "<group>"; };
		A4C75F5928BB66D0008C14A2 /* Base */ = {isa = PBXFileReference; lastKnownFileType = file.storyboard; name = Base; path = Base.lproj/Main.storyboard; sourceTree = "<group>"; };
		A4C75F5B28BB66D2008C14A2 /* Assets.xcassets */ = {isa = PBXFileReference; lastKnownFileType = folder.assetcatalog; path = Assets.xcassets; sourceTree = "<group>"; };
		A4C75F5E28BB66D2008C14A2 /* Base */ = {isa = PBXFileReference; lastKnownFileType = file.storyboard; name = Base; path = Base.lproj/LaunchScreen.storyboard; sourceTree = "<group>"; };
		A4C75F6628BB6B6D008C14A2 /* 3DObjectScene.scn */ = {isa = PBXFileReference; lastKnownFileType = file.bplist; path = 3DObjectScene.scn; sourceTree = "<group>"; };
		A4FE02E5297BDDCC007C9B85 /* Book.swift */ = {isa = PBXFileReference; lastKnownFileType = sourcecode.swift; path = Book.swift; sourceTree = "<group>"; };
		A4FE02EA297E8C64007C9B85 /* BookCardView.swift */ = {isa = PBXFileReference; lastKnownFileType = sourcecode.swift; path = BookCardView.swift; sourceTree = "<group>"; };
		A4FE02EC29801AA5007C9B85 /* MainView.swift */ = {isa = PBXFileReference; lastKnownFileType = sourcecode.swift; path = MainView.swift; sourceTree = "<group>"; };
		A4FE02EE29801B28007C9B85 /* SettingView.swift */ = {isa = PBXFileReference; lastKnownFileType = sourcecode.swift; path = SettingView.swift; sourceTree = "<group>"; };
		A4FE02F029801E5B007C9B85 /* LibraryView.swift */ = {isa = PBXFileReference; lastKnownFileType = sourcecode.swift; path = LibraryView.swift; sourceTree = "<group>"; };
/* End PBXFileReference section */

/* Begin PBXFrameworksBuildPhase section */
		A4C75F4C28BB66D0008C14A2 /* Frameworks */ = {
			isa = PBXFrameworksBuildPhase;
			buildActionMask = 2147483647;
			files = (
			);
			runOnlyForDeploymentPostprocessing = 0;
		};
/* End PBXFrameworksBuildPhase section */

/* Begin PBXGroup section */
		A4410CC22982DFD000284596 /* Resource */ = {
			isa = PBXGroup;
			children = (
			);
			path = Resource;
			sourceTree = "<group>";
		};
		A4410CC62982E23000284596 /* Extension */ = {
			isa = PBXGroup;
			children = (
				A4410CC42982E22500284596 /* ScrollView+Extension.swift */,
			);
			path = Extension;
			sourceTree = "<group>";
		};
		A4C75F4628BB66D0008C14A2 = {
			isa = PBXGroup;
			children = (
				A4C75F5128BB66D0008C14A2 /* ImageTrackAR */,
				A4C75F5028BB66D0008C14A2 /* Products */,
			);
			sourceTree = "<group>";
		};
		A4C75F5028BB66D0008C14A2 /* Products */ = {
			isa = PBXGroup;
			children = (
				A4C75F4F28BB66D0008C14A2 /* ImageTrackAR.app */,
			);
			name = Products;
			sourceTree = "<group>";
		};
		A4C75F5128BB66D0008C14A2 /* ImageTrackAR */ = {
			isa = PBXGroup;
			children = (
				A4FE02E9297BDDF1007C9B85 /* Global */,
				A4FE02E8297BDDEB007C9B85 /* Screen */,
				A4FE02E7297BDDE4007C9B85 /* Model */,
				A4C75F5228BB66D0008C14A2 /* AppDelegate.swift */,
				A4C75F5428BB66D0008C14A2 /* ViewController.swift */,
				A4C75F6528BB6B27008C14A2 /* Resources */,
				A4C75F5628BB66D0008C14A2 /* Experience.rcproject */,
				A4C75F5828BB66D0008C14A2 /* Main.storyboard */,
				A4C75F5D28BB66D2008C14A2 /* LaunchScreen.storyboard */,
			);
			path = ImageTrackAR;
			sourceTree = "<group>";
		};
		A4C75F6528BB6B27008C14A2 /* Resources */ = {
			isa = PBXGroup;
			children = (
				A4C75F5B28BB66D2008C14A2 /* Assets.xcassets */,
				A4C75F6628BB6B6D008C14A2 /* 3DObjectScene.scn */,
			);
			path = Resources;
			sourceTree = "<group>";
		};
		A4FE02E7297BDDE4007C9B85 /* Model */ = {
			isa = PBXGroup;
			children = (
				A4FE02E5297BDDCC007C9B85 /* Book.swift */,
			);
			path = Model;
			sourceTree = "<group>";
		};
		A4FE02E8297BDDEB007C9B85 /* Screen */ = {
			isa = PBXGroup;
			children = (
				A4FE02EC29801AA5007C9B85 /* MainView.swift */,
				A4FE02EE29801B28007C9B85 /* SettingView.swift */,
				A430FC5229811A1B004A57EC /* Text+Extension.swift */,
				A4FE02F029801E5B007C9B85 /* LibraryView.swift */,
				A430FC502981150F004A57EC /* ScrollView+Extension.swift */,
				A4FE02EA297E8C64007C9B85 /* BookCardView.swift */,
			);
			path = Screen;
			sourceTree = "<group>";
		};
		A4FE02E9297BDDF1007C9B85 /* Global */ = {
			isa = PBXGroup;
			children = (
				A4410CC62982E23000284596 /* Extension */,
				A4410CC22982DFD000284596 /* Resource */,
			);
			path = Global;
			sourceTree = "<group>";
		};
/* End PBXGroup section */

/* Begin PBXNativeTarget section */
		A4C75F4E28BB66D0008C14A2 /* ImageTrackAR */ = {
			isa = PBXNativeTarget;
			buildConfigurationList = A4C75F6228BB66D2008C14A2 /* Build configuration list for PBXNativeTarget "ImageTrackAR" */;
			buildPhases = (
				A4C75F4B28BB66D0008C14A2 /* Sources */,
				A4C75F4C28BB66D0008C14A2 /* Frameworks */,
				A4C75F4D28BB66D0008C14A2 /* Resources */,
			);
			buildRules = (
			);
			dependencies = (
			);
			name = ImageTrackAR;
			productName = ImageTrackAR;
			productReference = A4C75F4F28BB66D0008C14A2 /* ImageTrackAR.app */;
			productType = "com.apple.product-type.application";
		};
/* End PBXNativeTarget section */

/* Begin PBXProject section */
		A4C75F4728BB66D0008C14A2 /* Project object */ = {
			isa = PBXProject;
			attributes = {
				BuildIndependentTargetsInParallel = 1;
				LastSwiftUpdateCheck = 1340;
				LastUpgradeCheck = 1340;
				TargetAttributes = {
					A4C75F4E28BB66D0008C14A2 = {
						CreatedOnToolsVersion = 13.4;
					};
				};
			};
			buildConfigurationList = A4C75F4A28BB66D0008C14A2 /* Build configuration list for PBXProject "ImageTrackAR" */;
			compatibilityVersion = "Xcode 13.0";
			developmentRegion = en;
			hasScannedForEncodings = 0;
			knownRegions = (
				en,
				Base,
			);
			mainGroup = A4C75F4628BB66D0008C14A2;
			productRefGroup = A4C75F5028BB66D0008C14A2 /* Products */;
			projectDirPath = "";
			projectRoot = "";
			targets = (
				A4C75F4E28BB66D0008C14A2 /* ImageTrackAR */,
			);
		};
/* End PBXProject section */

/* Begin PBXResourcesBuildPhase section */
		A4C75F4D28BB66D0008C14A2 /* Resources */ = {
			isa = PBXResourcesBuildPhase;
			buildActionMask = 2147483647;
			files = (
				A4C75F5F28BB66D2008C14A2 /* LaunchScreen.storyboard in Resources */,
				A4C75F5C28BB66D2008C14A2 /* Assets.xcassets in Resources */,
				A4C75F5A28BB66D0008C14A2 /* Main.storyboard in Resources */,
				A4C75F6728BB6B6D008C14A2 /* 3DObjectScene.scn in Resources */,
			);
			runOnlyForDeploymentPostprocessing = 0;
		};
/* End PBXResourcesBuildPhase section */

/* Begin PBXSourcesBuildPhase section */
		A4C75F4B28BB66D0008C14A2 /* Sources */ = {
			isa = PBXSourcesBuildPhase;
			buildActionMask = 2147483647;
			files = (
				A4C75F5528BB66D0008C14A2 /* ViewController.swift in Sources */,
				A4FE02ED29801AA5007C9B85 /* MainView.swift in Sources */,
				A4FE02EB297E8C64007C9B85 /* BookCardView.swift in Sources */,
				A4C75F5328BB66D0008C14A2 /* AppDelegate.swift in Sources */,
				A4FE02F129801E5B007C9B85 /* LibraryView.swift in Sources */,
				A4C75F5728BB66D0008C14A2 /* Experience.rcproject in Sources */,
				A4FE02EF29801B28007C9B85 /* SettingView.swift in Sources */,
				A430FC512981150F004A57EC /* ScrollView+Extension.swift in Sources */,
				A4410CC52982E22500284596 /* ScrollView+Extension.swift in Sources */,
				A430FC5329811A1B004A57EC /* Text+Extension.swift in Sources */,
				A4FE02E6297BDDCC007C9B85 /* Book.swift in Sources */,
			);
			runOnlyForDeploymentPostprocessing = 0;
		};
/* End PBXSourcesBuildPhase section */

/* Begin PBXVariantGroup section */
		A4C75F5828BB66D0008C14A2 /* Main.storyboard */ = {
			isa = PBXVariantGroup;
			children = (
				A4C75F5928BB66D0008C14A2 /* Base */,
			);
			name = Main.storyboard;
			sourceTree = "<group>";
		};
		A4C75F5D28BB66D2008C14A2 /* LaunchScreen.storyboard */ = {
			isa = PBXVariantGroup;
			children = (
				A4C75F5E28BB66D2008C14A2 /* Base */,
			);
			name = LaunchScreen.storyboard;
			sourceTree = "<group>";
		};
/* End PBXVariantGroup section */

/* Begin XCBuildConfiguration section */
		A4C75F6028BB66D2008C14A2 /* Debug */ = {
			isa = XCBuildConfiguration;
			buildSettings = {
				ALWAYS_SEARCH_USER_PATHS = NO;
				CLANG_ANALYZER_NONNULL = YES;
				CLANG_ANALYZER_NUMBER_OBJECT_CONVERSION = YES_AGGRESSIVE;
				CLANG_CXX_LANGUAGE_STANDARD = "gnu++17";
				CLANG_ENABLE_MODULES = YES;
				CLANG_ENABLE_OBJC_ARC = YES;
				CLANG_ENABLE_OBJC_WEAK = YES;
				CLANG_WARN_BLOCK_CAPTURE_AUTORELEASING = YES;
				CLANG_WARN_BOOL_CONVERSION = YES;
				CLANG_WARN_COMMA = YES;
				CLANG_WARN_CONSTANT_CONVERSION = YES;
				CLANG_WARN_DEPRECATED_OBJC_IMPLEMENTATIONS = YES;
				CLANG_WARN_DIRECT_OBJC_ISA_USAGE = YES_ERROR;
				CLANG_WARN_DOCUMENTATION_COMMENTS = YES;
				CLANG_WARN_EMPTY_BODY = YES;
				CLANG_WARN_ENUM_CONVERSION = YES;
				CLANG_WARN_INFINITE_RECURSION = YES;
				CLANG_WARN_INT_CONVERSION = YES;
				CLANG_WARN_NON_LITERAL_NULL_CONVERSION = YES;
				CLANG_WARN_OBJC_IMPLICIT_RETAIN_SELF = YES;
				CLANG_WARN_OBJC_LITERAL_CONVERSION = YES;
				CLANG_WARN_OBJC_ROOT_CLASS = YES_ERROR;
				CLANG_WARN_QUOTED_INCLUDE_IN_FRAMEWORK_HEADER = YES;
				CLANG_WARN_RANGE_LOOP_ANALYSIS = YES;
				CLANG_WARN_STRICT_PROTOTYPES = YES;
				CLANG_WARN_SUSPICIOUS_MOVE = YES;
				CLANG_WARN_UNGUARDED_AVAILABILITY = YES_AGGRESSIVE;
				CLANG_WARN_UNREACHABLE_CODE = YES;
				CLANG_WARN__DUPLICATE_METHOD_MATCH = YES;
				COPY_PHASE_STRIP = NO;
				DEBUG_INFORMATION_FORMAT = dwarf;
				ENABLE_STRICT_OBJC_MSGSEND = YES;
				ENABLE_TESTABILITY = YES;
				GCC_C_LANGUAGE_STANDARD = gnu11;
				GCC_DYNAMIC_NO_PIC = NO;
				GCC_NO_COMMON_BLOCKS = YES;
				GCC_OPTIMIZATION_LEVEL = 0;
				GCC_PREPROCESSOR_DEFINITIONS = (
					"DEBUG=1",
					"$(inherited)",
				);
				GCC_WARN_64_TO_32_BIT_CONVERSION = YES;
				GCC_WARN_ABOUT_RETURN_TYPE = YES_ERROR;
				GCC_WARN_UNDECLARED_SELECTOR = YES;
				GCC_WARN_UNINITIALIZED_AUTOS = YES_AGGRESSIVE;
				GCC_WARN_UNUSED_FUNCTION = YES;
				GCC_WARN_UNUSED_VARIABLE = YES;
				IPHONEOS_DEPLOYMENT_TARGET = 15.5;
				MTL_ENABLE_DEBUG_INFO = INCLUDE_SOURCE;
				MTL_FAST_MATH = YES;
				ONLY_ACTIVE_ARCH = YES;
				SDKROOT = iphoneos;
				SWIFT_ACTIVE_COMPILATION_CONDITIONS = DEBUG;
				SWIFT_OPTIMIZATION_LEVEL = "-Onone";
			};
			name = Debug;
		};
		A4C75F6128BB66D2008C14A2 /* Release */ = {
			isa = XCBuildConfiguration;
			buildSettings = {
				ALWAYS_SEARCH_USER_PATHS = NO;
				CLANG_ANALYZER_NONNULL = YES;
				CLANG_ANALYZER_NUMBER_OBJECT_CONVERSION = YES_AGGRESSIVE;
				CLANG_CXX_LANGUAGE_STANDARD = "gnu++17";
				CLANG_ENABLE_MODULES = YES;
				CLANG_ENABLE_OBJC_ARC = YES;
				CLANG_ENABLE_OBJC_WEAK = YES;
				CLANG_WARN_BLOCK_CAPTURE_AUTORELEASING = YES;
				CLANG_WARN_BOOL_CONVERSION = YES;
				CLANG_WARN_COMMA = YES;
				CLANG_WARN_CONSTANT_CONVERSION = YES;
				CLANG_WARN_DEPRECATED_OBJC_IMPLEMENTATIONS = YES;
				CLANG_WARN_DIRECT_OBJC_ISA_USAGE = YES_ERROR;
				CLANG_WARN_DOCUMENTATION_COMMENTS = YES;
				CLANG_WARN_EMPTY_BODY = YES;
				CLANG_WARN_ENUM_CONVERSION = YES;
				CLANG_WARN_INFINITE_RECURSION = YES;
				CLANG_WARN_INT_CONVERSION = YES;
				CLANG_WARN_NON_LITERAL_NULL_CONVERSION = YES;
				CLANG_WARN_OBJC_IMPLICIT_RETAIN_SELF = YES;
				CLANG_WARN_OBJC_LITERAL_CONVERSION = YES;
				CLANG_WARN_OBJC_ROOT_CLASS = YES_ERROR;
				CLANG_WARN_QUOTED_INCLUDE_IN_FRAMEWORK_HEADER = YES;
				CLANG_WARN_RANGE_LOOP_ANALYSIS = YES;
				CLANG_WARN_STRICT_PROTOTYPES = YES;
				CLANG_WARN_SUSPICIOUS_MOVE = YES;
				CLANG_WARN_UNGUARDED_AVAILABILITY = YES_AGGRESSIVE;
				CLANG_WARN_UNREACHABLE_CODE = YES;
				CLANG_WARN__DUPLICATE_METHOD_MATCH = YES;
				COPY_PHASE_STRIP = NO;
				DEBUG_INFORMATION_FORMAT = "dwarf-with-dsym";
				ENABLE_NS_ASSERTIONS = NO;
				ENABLE_STRICT_OBJC_MSGSEND = YES;
				GCC_C_LANGUAGE_STANDARD = gnu11;
				GCC_NO_COMMON_BLOCKS = YES;
				GCC_WARN_64_TO_32_BIT_CONVERSION = YES;
				GCC_WARN_ABOUT_RETURN_TYPE = YES_ERROR;
				GCC_WARN_UNDECLARED_SELECTOR = YES;
				GCC_WARN_UNINITIALIZED_AUTOS = YES_AGGRESSIVE;
				GCC_WARN_UNUSED_FUNCTION = YES;
				GCC_WARN_UNUSED_VARIABLE = YES;
				IPHONEOS_DEPLOYMENT_TARGET = 15.5;
				MTL_ENABLE_DEBUG_INFO = NO;
				MTL_FAST_MATH = YES;
				SDKROOT = iphoneos;
				SWIFT_COMPILATION_MODE = wholemodule;
				SWIFT_OPTIMIZATION_LEVEL = "-O";
				VALIDATE_PRODUCT = YES;
			};
			name = Release;
		};
		A4C75F6328BB66D2008C14A2 /* Debug */ = {
			isa = XCBuildConfiguration;
			buildSettings = {
				ASSETCATALOG_COMPILER_APPICON_NAME = AppIcon;
				ASSETCATALOG_COMPILER_GLOBAL_ACCENT_COLOR_NAME = AccentColor;
				CODE_SIGN_STYLE = Automatic;
				CURRENT_PROJECT_VERSION = 1;
				DEVELOPMENT_TEAM = 9DAPT2N2P4;
				GENERATE_INFOPLIST_FILE = YES;
				INFOPLIST_KEY_CFBundleDisplayName = "Well Tale";
				INFOPLIST_KEY_LSApplicationCategoryType = "public.app-category.books";
				INFOPLIST_KEY_NSCameraUsageDescription = "";
				INFOPLIST_KEY_UIApplicationSupportsIndirectInputEvents = YES;
				INFOPLIST_KEY_UILaunchStoryboardName = LaunchScreen;
				INFOPLIST_KEY_UIMainStoryboardFile = Main;
				INFOPLIST_KEY_UIRequiredDeviceCapabilities = arkit;
				INFOPLIST_KEY_UIStatusBarHidden = YES;
				INFOPLIST_KEY_UISupportedInterfaceOrientations = "UIInterfaceOrientationPortrait UIInterfaceOrientationPortraitUpsideDown";
				IPHONEOS_DEPLOYMENT_TARGET = 16.0;
				LD_RUNPATH_SEARCH_PATHS = (
					"$(inherited)",
					"@executable_path/Frameworks",
				);
				MARKETING_VERSION = 1.0;
				PRODUCT_BUNDLE_IDENTIFIER = com.teethemoji.trackImage.ImageTrackAR;
				PRODUCT_NAME = "$(TARGET_NAME)";
				SUPPORTED_PLATFORMS = "iphoneos iphonesimulator";
				SUPPORTS_MACCATALYST = NO;
				SUPPORTS_MAC_DESIGNED_FOR_IPHONE_IPAD = NO;
				SWIFT_EMIT_LOC_STRINGS = YES;
				SWIFT_VERSION = 5.0;
				TARGETED_DEVICE_FAMILY = "1,2";
			};
			name = Debug;
		};
		A4C75F6428BB66D2008C14A2 /* Release */ = {
			isa = XCBuildConfiguration;
			buildSettings = {
				ASSETCATALOG_COMPILER_APPICON_NAME = AppIcon;
				ASSETCATALOG_COMPILER_GLOBAL_ACCENT_COLOR_NAME = AccentColor;
				CODE_SIGN_STYLE = Automatic;
				CURRENT_PROJECT_VERSION = 1;
				DEVELOPMENT_TEAM = 9DAPT2N2P4;
				GENERATE_INFOPLIST_FILE = YES;
				INFOPLIST_KEY_CFBundleDisplayName = "Well Tale";
				INFOPLIST_KEY_LSApplicationCategoryType = "public.app-category.books";
				INFOPLIST_KEY_NSCameraUsageDescription = "";
				INFOPLIST_KEY_UIApplicationSupportsIndirectInputEvents = YES;
				INFOPLIST_KEY_UILaunchStoryboardName = LaunchScreen;
				INFOPLIST_KEY_UIMainStoryboardFile = Main;
				INFOPLIST_KEY_UIRequiredDeviceCapabilities = arkit;
				INFOPLIST_KEY_UIStatusBarHidden = YES;
				INFOPLIST_KEY_UISupportedInterfaceOrientations = "UIInterfaceOrientationPortrait UIInterfaceOrientationPortraitUpsideDown";
				IPHONEOS_DEPLOYMENT_TARGET = 16.0;
				LD_RUNPATH_SEARCH_PATHS = (
					"$(inherited)",
					"@executable_path/Frameworks",
				);
				MARKETING_VERSION = 1.0;
				PRODUCT_BUNDLE_IDENTIFIER = com.teethemoji.trackImage.ImageTrackAR;
				PRODUCT_NAME = "$(TARGET_NAME)";
				SUPPORTED_PLATFORMS = "iphoneos iphonesimulator";
				SUPPORTS_MACCATALYST = NO;
				SUPPORTS_MAC_DESIGNED_FOR_IPHONE_IPAD = NO;
				SWIFT_EMIT_LOC_STRINGS = YES;
				SWIFT_VERSION = 5.0;
				TARGETED_DEVICE_FAMILY = "1,2";
			};
			name = Release;
		};
/* End XCBuildConfiguration section */

/* Begin XCConfigurationList section */
		A4C75F4A28BB66D0008C14A2 /* Build configuration list for PBXProject "ImageTrackAR" */ = {
			isa = XCConfigurationList;
			buildConfigurations = (
				A4C75F6028BB66D2008C14A2 /* Debug */,
				A4C75F6128BB66D2008C14A2 /* Release */,
			);
			defaultConfigurationIsVisible = 0;
			defaultConfigurationName = Release;
		};
		A4C75F6228BB66D2008C14A2 /* Build configuration list for PBXNativeTarget "ImageTrackAR" */ = {
			isa = XCConfigurationList;
			buildConfigurations = (
				A4C75F6328BB66D2008C14A2 /* Debug */,
				A4C75F6428BB66D2008C14A2 /* Release */,
			);
			defaultConfigurationIsVisible = 0;
			defaultConfigurationName = Release;
		};
/* End XCConfigurationList section */
	};
	rootObject = A4C75F4728BB66D0008C14A2 /* Project object */;
}
